
Microsoft Visual Studio Solution File, Format Version 12.00
# Visual Studio Version 16
VisualStudioVersion = 16.0.29806.167
MinimumVisualStudioVersion = 10.0.40219.1
Project("{FAE04EC0-301F-11D3-BF4B-00C04F79EFBC}") = "HelloGit", "HelloGit\HelloGit.csproj", "{7651002F-95B6-4D68-9765-790A703E47F2}"
EndProject
Global
	GlobalSection(SolutionConfigurationPlatforms) = preSolution
		Debug|Any CPU = Debug|Any CPU
		Release|Any CPU = Release|Any CPU
	EndGlobalSection
	GlobalSection(ProjectConfigurationPlatforms) = postSolution
		{7651002F-95B6-4D68-9765-790A703E47F2}.Debug|Any CPU.ActiveCfg = Debug|Any CPU
		{7651002F-95B6-4D68-9765-790A703E47F2}.Debug|Any CPU.Build.0 = Debug|Any CPU
		{7651002F-95B6-4D68-9765-790A703E47F2}.Release|Any CPU.ActiveCfg = Release|Any CPU
		{7651002F-95B6-4D68-9765-790A703E47F2}.Release|Any CPU.Build.0 = Release|Any CPU
	EndGlobalSection
	GlobalSection(SolutionProperties) = preSolution
		HideSolutionNode = FALSE
	EndGlobalSection
	GlobalSection(ExtensibilityGlobals) = postSolution
		SolutionGuid = {BC75C99A-81F3-400E-A46B-DBC3D690E516}
	EndGlobalSection
EndGlobal
